
Microsoft Visual Studio Solution File, Format Version 12.00
# Visual Studio Version 17
VisualStudioVersion = 17.8.34511.84
MinimumVisualStudioVersion = 10.0.40219.1
Project("{FAE04EC0-301F-11D3-BF4B-00C04F79EFBC}") = "sheesh", "sheesh.csproj", "{4D100E0C-CED9-4224-BE78-018107AB4911}"
EndProject
Global
	GlobalSection(SolutionConfigurationPlatforms) = preSolution
		Debug|Any CPU = Debug|Any CPU
		Release|Any CPU = Release|Any CPU
	EndGlobalSection
	GlobalSection(ProjectConfigurationPlatforms) = postSolution
		{4D100E0C-CED9-4224-BE78-018107AB4911}.Debug|Any CPU.ActiveCfg = Debug|Any CPU
		{4D100E0C-CED9-4224-BE78-018107AB4911}.Debug|Any CPU.Build.0 = Debug|Any CPU
		{4D100E0C-CED9-4224-BE78-018107AB4911}.Release|Any CPU.ActiveCfg = Release|Any CPU
		{4D100E0C-CED9-4224-BE78-018107AB4911}.Release|Any CPU.Build.0 = Release|Any CPU
	EndGlobalSection
	GlobalSection(SolutionProperties) = preSolution
		HideSolutionNode = FALSE
	EndGlobalSection
	GlobalSection(ExtensibilityGlobals) = postSolution
		SolutionGuid = {7340E80F-F816-4AC9-A850-23BA532B9AFB}
	EndGlobalSection
EndGlobal
