
Microsoft Visual Studio Solution File, Format Version 12.00
# Visual Studio Version 17
VisualStudioVersion = 17.8.34511.84
MinimumVisualStudioVersion = 10.0.40219.1
Project("{FAE04EC0-301F-11D3-BF4B-00C04F79EFBC}") = "coordsdrawer", "coordsdrawer.csproj", "{EC7CED20-AE7A-471F-805C-8887C82C9BD6}"
EndProject
Global
	GlobalSection(SolutionConfigurationPlatforms) = preSolution
		Debug|Any CPU = Debug|Any CPU
		Release|Any CPU = Release|Any CPU
	EndGlobalSection
	GlobalSection(ProjectConfigurationPlatforms) = postSolution
		{EC7CED20-AE7A-471F-805C-8887C82C9BD6}.Debug|Any CPU.ActiveCfg = Debug|Any CPU
		{EC7CED20-AE7A-471F-805C-8887C82C9BD6}.Debug|Any CPU.Build.0 = Debug|Any CPU
		{EC7CED20-AE7A-471F-805C-8887C82C9BD6}.Release|Any CPU.ActiveCfg = Release|Any CPU
		{EC7CED20-AE7A-471F-805C-8887C82C9BD6}.Release|Any CPU.Build.0 = Release|Any CPU
	EndGlobalSection
	GlobalSection(SolutionProperties) = preSolution
		HideSolutionNode = FALSE
	EndGlobalSection
	GlobalSection(ExtensibilityGlobals) = postSolution
		SolutionGuid = {B4563613-C1F2-4CE1-9CBE-C24C1C1E7F9F}
	EndGlobalSection
EndGlobal
